
Microsoft Visual Studio Solution File, Format Version 12.00
# Visual Studio Version 17
VisualStudioVersion = 17.12.35707.178
MinimumVisualStudioVersion = 10.0.40219.1
Project("{FAE04EC0-301F-11D3-BF4B-00C04F79EFBC}") = "TestApp", "TestApp\TestApp.csproj", "{FD97D708-93B9-46D8-8249-0C16AC64B15B}"
EndProject
Project("{FAE04EC0-301F-11D3-BF4B-00C04F79EFBC}") = "TestApp.Test", "TestApp.Test\TestApp.Test.csproj", "{C8655F1D-7579-4304-B8FC-56A26E4B8EB1}"
EndProject
Project("{2150E333-8FDC-42A3-9474-1A3956D46DE8}") = ".workflows", ".workflows", "{DB68101C-E097-4180-9B15-EA3C31AFC08D}"
	ProjectSection(SolutionItems) = preProject
		.github\workflows\build-and-test.yml = .github\workflows\build-and-test.yml
	EndProjectSection
EndProject
Project("{FAE04EC0-301F-11D3-BF4B-00C04F79EFBC}") = "Documentation", "Documentation\Documentation.csproj", "{1E59CE1C-F584-4889-A061-4B2F895657CE}"
EndProject
Global
	GlobalSection(SolutionConfigurationPlatforms) = preSolution
		Debug|Any CPU = Debug|Any CPU
		Release|Any CPU = Release|Any CPU
	EndGlobalSection
	GlobalSection(ProjectConfigurationPlatforms) = postSolution
		{FD97D708-93B9-46D8-8249-0C16AC64B15B}.Debug|Any CPU.ActiveCfg = Debug|Any CPU
		{FD97D708-93B9-46D8-8249-0C16AC64B15B}.Debug|Any CPU.Build.0 = Debug|Any CPU
		{FD97D708-93B9-46D8-8249-0C16AC64B15B}.Release|Any CPU.ActiveCfg = Release|Any CPU
		{FD97D708-93B9-46D8-8249-0C16AC64B15B}.Release|Any CPU.Build.0 = Release|Any CPU
		{C8655F1D-7579-4304-B8FC-56A26E4B8EB1}.Debug|Any CPU.ActiveCfg = Debug|Any CPU
		{C8655F1D-7579-4304-B8FC-56A26E4B8EB1}.Debug|Any CPU.Build.0 = Debug|Any CPU
		{C8655F1D-7579-4304-B8FC-56A26E4B8EB1}.Release|Any CPU.ActiveCfg = Release|Any CPU
		{C8655F1D-7579-4304-B8FC-56A26E4B8EB1}.Release|Any CPU.Build.0 = Release|Any CPU
		{1E59CE1C-F584-4889-A061-4B2F895657CE}.Debug|Any CPU.ActiveCfg = Debug|Any CPU
		{1E59CE1C-F584-4889-A061-4B2F895657CE}.Debug|Any CPU.Build.0 = Debug|Any CPU
		{1E59CE1C-F584-4889-A061-4B2F895657CE}.Release|Any CPU.ActiveCfg = Release|Any CPU
		{1E59CE1C-F584-4889-A061-4B2F895657CE}.Release|Any CPU.Build.0 = Release|Any CPU
	EndGlobalSection
	GlobalSection(SolutionProperties) = preSolution
		HideSolutionNode = FALSE
	EndGlobalSection
EndGlobal
